
Microsoft Visual Studio Solution File, Format Version 12.00
# Visual Studio Version 17
VisualStudioVersion = 17.6.33723.286
MinimumVisualStudioVersion = 10.0.40219.1
Project("{9A19103F-16F7-4668-BE54-9A1E7A4F7556}") = "CardapioMVC", "CardapioMVC\CardapioMVC.csproj", "{CD0DEBA1-108E-4EF4-9630-FAE50E158D01}"
	ProjectSection(ProjectDependencies) = postProject
		{2FAECF07-603D-4974-8B7B-CD0BADE82B75} = {2FAECF07-603D-4974-8B7B-CD0BADE82B75}
		{4940AD98-FAA3-4913-81AD-0E7838A18D66} = {4940AD98-FAA3-4913-81AD-0E7838A18D66}
	EndProjectSection
EndProject
Project("{9A19103F-16F7-4668-BE54-9A1E7A4F7556}") = "Tests do projeto", "Tests do projeto\Tests do projeto.csproj", "{2FAECF07-603D-4974-8B7B-CD0BADE82B75}"
EndProject
Project("{FAE04EC0-301F-11D3-BF4B-00C04F79EFBC}") = "UnitTestProject1", "UnitTestProject1\UnitTestProject1.csproj", "{4940AD98-FAA3-4913-81AD-0E7838A18D66}"
EndProject
Global
	GlobalSection(SolutionConfigurationPlatforms) = preSolution
		Debug|Any CPU = Debug|Any CPU
		Release|Any CPU = Release|Any CPU
	EndGlobalSection
	GlobalSection(ProjectConfigurationPlatforms) = postSolution
		{CD0DEBA1-108E-4EF4-9630-FAE50E158D01}.Debug|Any CPU.ActiveCfg = Debug|Any CPU
		{CD0DEBA1-108E-4EF4-9630-FAE50E158D01}.Debug|Any CPU.Build.0 = Debug|Any CPU
		{CD0DEBA1-108E-4EF4-9630-FAE50E158D01}.Release|Any CPU.ActiveCfg = Release|Any CPU
		{CD0DEBA1-108E-4EF4-9630-FAE50E158D01}.Release|Any CPU.Build.0 = Release|Any CPU
		{2FAECF07-603D-4974-8B7B-CD0BADE82B75}.Debug|Any CPU.ActiveCfg = Debug|Any CPU
		{2FAECF07-603D-4974-8B7B-CD0BADE82B75}.Debug|Any CPU.Build.0 = Debug|Any CPU
		{2FAECF07-603D-4974-8B7B-CD0BADE82B75}.Release|Any CPU.ActiveCfg = Release|Any CPU
		{2FAECF07-603D-4974-8B7B-CD0BADE82B75}.Release|Any CPU.Build.0 = Release|Any CPU
		{4940AD98-FAA3-4913-81AD-0E7838A18D66}.Debug|Any CPU.ActiveCfg = Debug|Any CPU
		{4940AD98-FAA3-4913-81AD-0E7838A18D66}.Debug|Any CPU.Build.0 = Debug|Any CPU
		{4940AD98-FAA3-4913-81AD-0E7838A18D66}.Release|Any CPU.ActiveCfg = Release|Any CPU
		{4940AD98-FAA3-4913-81AD-0E7838A18D66}.Release|Any CPU.Build.0 = Release|Any CPU
	EndGlobalSection
	GlobalSection(SolutionProperties) = preSolution
		HideSolutionNode = FALSE
	EndGlobalSection
	GlobalSection(ExtensibilityGlobals) = postSolution
		SolutionGuid = {2A875771-F9DD-4DBF-A747-F4CFDCC32FEB}
	EndGlobalSection
EndGlobal
